
Microsoft Visual Studio Solution File, Format Version 12.00
# Visual Studio Version 17
VisualStudioVersion = 17.4.33122.133
MinimumVisualStudioVersion = 10.0.40219.1
Project("{FAE04EC0-301F-11D3-BF4B-00C04F79EFBC}") = "Directories.Reader", "Directory.Reader\Directories.Reader.csproj", "{7E1BDB0F-478E-4143-8C36-8242FBACEA38}"
EndProject
Global
	GlobalSection(SolutionConfigurationPlatforms) = preSolution
		Debug|Any CPU = Debug|Any CPU
		Release|Any CPU = Release|Any CPU
	EndGlobalSection
	GlobalSection(ProjectConfigurationPlatforms) = postSolution
		{7E1BDB0F-478E-4143-8C36-8242FBACEA38}.Debug|Any CPU.ActiveCfg = Debug|Any CPU
		{7E1BDB0F-478E-4143-8C36-8242FBACEA38}.Debug|Any CPU.Build.0 = Debug|Any CPU
		{7E1BDB0F-478E-4143-8C36-8242FBACEA38}.Release|Any CPU.ActiveCfg = Release|Any CPU
		{7E1BDB0F-478E-4143-8C36-8242FBACEA38}.Release|Any CPU.Build.0 = Release|Any CPU
	EndGlobalSection
	GlobalSection(SolutionProperties) = preSolution
		HideSolutionNode = FALSE
	EndGlobalSection
	GlobalSection(ExtensibilityGlobals) = postSolution
		SolutionGuid = {D8770189-58D5-40FA-83C2-B4002636D430}
	EndGlobalSection
EndGlobal
